
Microsoft Visual Studio Solution File, Format Version 12.00
# Visual Studio Version 17
VisualStudioVersion = 17.1.32421.90
MinimumVisualStudioVersion = 10.0.40219.1
Project("{FAE04EC0-301F-11D3-BF4B-00C04F79EFBC}") = "FoodDonation", "FoodDonation\FoodDonation.csproj", "{F6043AAD-E77C-4136-95EF-A2B37A52C4A2}"
EndProject
Global
	GlobalSection(SolutionConfigurationPlatforms) = preSolution
		Debug|Any CPU = Debug|Any CPU
		Release|Any CPU = Release|Any CPU
	EndGlobalSection
	GlobalSection(ProjectConfigurationPlatforms) = postSolution
		{F6043AAD-E77C-4136-95EF-A2B37A52C4A2}.Debug|Any CPU.ActiveCfg = Debug|Any CPU
		{F6043AAD-E77C-4136-95EF-A2B37A52C4A2}.Debug|Any CPU.Build.0 = Debug|Any CPU
		{F6043AAD-E77C-4136-95EF-A2B37A52C4A2}.Release|Any CPU.ActiveCfg = Release|Any CPU
		{F6043AAD-E77C-4136-95EF-A2B37A52C4A2}.Release|Any CPU.Build.0 = Release|Any CPU
	EndGlobalSection
	GlobalSection(SolutionProperties) = preSolution
		HideSolutionNode = FALSE
	EndGlobalSection
	GlobalSection(ExtensibilityGlobals) = postSolution
		SolutionGuid = {DB44E239-2E83-498C-8685-D6D6417FD99B}
	EndGlobalSection
EndGlobal
